
Microsoft Visual Studio Solution File, Format Version 12.00
# Visual Studio Version 17
VisualStudioVersion = 17.14.36414.22 d17.14
MinimumVisualStudioVersion = 10.0.40219.1
Project("{FAE04EC0-301F-11D3-BF4B-00C04F79EFBC}") = "imgServer", "imgServer.csproj", "{CAB87D67-B559-4CC6-8D3F-376B2EDA3C1D}"
EndProject
Global
	GlobalSection(SolutionConfigurationPlatforms) = preSolution
		Debug|Any CPU = Debug|Any CPU
		Release|Any CPU = Release|Any CPU
	EndGlobalSection
	GlobalSection(ProjectConfigurationPlatforms) = postSolution
		{CAB87D67-B559-4CC6-8D3F-376B2EDA3C1D}.Debug|Any CPU.ActiveCfg = Debug|Any CPU
		{CAB87D67-B559-4CC6-8D3F-376B2EDA3C1D}.Debug|Any CPU.Build.0 = Debug|Any CPU
		{CAB87D67-B559-4CC6-8D3F-376B2EDA3C1D}.Release|Any CPU.ActiveCfg = Release|Any CPU
		{CAB87D67-B559-4CC6-8D3F-376B2EDA3C1D}.Release|Any CPU.Build.0 = Release|Any CPU
	EndGlobalSection
	GlobalSection(SolutionProperties) = preSolution
		HideSolutionNode = FALSE
	EndGlobalSection
	GlobalSection(ExtensibilityGlobals) = postSolution
		SolutionGuid = {0BC1625A-1DE6-4338-8CE2-7BB8AEB1B576}
	EndGlobalSection
EndGlobal
